# Generated by the intelligence CLI. Do not edit.
lockfile_version: 1
engine_version: "0.11.6"
packages:
  "@ainova-systems/sync":
    requested: "0.11.6"
    url: "https://github.com/ainova-systems/intelligence.git"
    path: "packages/sync"
    resolved: "v0.11.6"
    sha: "512d06382f43fa910c32ccc275a5fc286500d4e2"
  "@ainova-systems/core":
    requested: "^0.4.0"
    url: "https://github.com/ainova-systems/intelligence-dev-packs.git"
    path: "packs/core"
    resolved: "v0.4.0"
    sha: "e4ba55566f32b2bf48b77f29b4b2893a56d5e251"
  "@ainova-systems/spec":
    requested: "^0.4.0"
    url: "https://github.com/ainova-systems/intelligence-dev-packs.git"
    path: "packs/spec"
    resolved: "v0.4.0"
    sha: "e4ba55566f32b2bf48b77f29b4b2893a56d5e251"
